
Microsoft Visual Studio Solution File, Format Version 12.00
# Visual Studio Version 17
VisualStudioVersion = 17.13.35828.75 d17.13
MinimumVisualStudioVersion = 10.0.40219.1
Project("{8BC9CEB8-8B4A-11D0-8D11-00A0C91BC942}") = "text_050402", "text_050402\text_050402.vcxproj", "{84B3EA84-962E-43A4-8ED2-96246D30B6EA}"
EndProject
Global
	GlobalSection(SolutionConfigurationPlatforms) = preSolution
		Debug|x64 = Debug|x64
		Debug|x86 = Debug|x86
		Release|x64 = Release|x64
		Release|x86 = Release|x86
	EndGlobalSection
	GlobalSection(ProjectConfigurationPlatforms) = postSolution
		{84B3EA84-962E-43A4-8ED2-96246D30B6EA}.Debug|x64.ActiveCfg = Debug|x64
		{84B3EA84-962E-43A4-8ED2-96246D30B6EA}.Debug|x64.Build.0 = Debug|x64
		{84B3EA84-962E-43A4-8ED2-96246D30B6EA}.Debug|x86.ActiveCfg = Debug|Win32
		{84B3EA84-962E-43A4-8ED2-96246D30B6EA}.Debug|x86.Build.0 = Debug|Win32
		{84B3EA84-962E-43A4-8ED2-96246D30B6EA}.Release|x64.ActiveCfg = Release|x64
		{84B3EA84-962E-43A4-8ED2-96246D30B6EA}.Release|x64.Build.0 = Release|x64
		{84B3EA84-962E-43A4-8ED2-96246D30B6EA}.Release|x86.ActiveCfg = Release|Win32
		{84B3EA84-962E-43A4-8ED2-96246D30B6EA}.Release|x86.Build.0 = Release|Win32
	EndGlobalSection
	GlobalSection(SolutionProperties) = preSolution
		HideSolutionNode = FALSE
	EndGlobalSection
	GlobalSection(ExtensibilityGlobals) = postSolution
		SolutionGuid = {D41BD9D5-ECE4-47DE-8A69-743B43F35157}
	EndGlobalSection
EndGlobal
